// !$*UTF8*$!
{
	archiveVersion = 1;
	classes = {
	};
	objectVersion = 55;
	objects = {

/* Begin PBXBuildFile section */
		36EBC02255D76F329EAAC0E9 /* AddNewTaskCell.swift in Sources */ = {isa = PBXBuildFile; fileRef = 36EBC058D040385B704CBEB6 /* AddNewTaskCell.swift */; };
		36EBC181454D8CFD7BAE788F /* PriorityStackViewContainer.swift in Sources */ = {isa = PBXBuildFile; fileRef = 36EBCE39C1B29F23FE236BA0 /* PriorityStackViewContainer.swift */; };
		36EBC263DDEAFBB38A671FDA /* Tombstone.swift in Sources */ = {isa = PBXBuildFile; fileRef = 36EBCB7DF0DC342EC33E0C6C /* Tombstone.swift */; };
		36EBC29B0290D21E79E78C62 /* HeaderView.swift in Sources */ = {isa = PBXBuildFile; fileRef = 36EBCD43D0BCA2255E823917 /* HeaderView.swift */; };
		36EBC39A0CC516D828DBC8E7 /* HeaderViewModel.swift in Sources */ = {isa = PBXBuildFile; fileRef = 36EBCBCD1BBC827443B14CFA /* HeaderViewModel.swift */; };
		36EBC40F69D906B36899204B /* TaskListGraph.swift in Sources */ = {isa = PBXBuildFile; fileRef = 36EBCFE6F79FA0A97DB9F7BF /* TaskListGraph.swift */; };
		36EBC4AF12C4946420A368A1 /* AppStyles.swift in Sources */ = {isa = PBXBuildFile; fileRef = 36EBC9106A7C8BBE73021209 /* AppStyles.swift */; };
		36EBC53E8D9EF6BA6C53E041 /* EditTaskViewController.swift in Sources */ = {isa = PBXBuildFile; fileRef = 36EBC53DC1C50E75361A3D11 /* EditTaskViewController.swift */; };
		36EBC6950C9827AB348771B6 /* Color.swift in Sources */ = {isa = PBXBuildFile; fileRef = 36EBC312AC48E933D59CD1FD /* Color.swift */; };
		36EBC6B8812A767496D92DC7 /* TodoItem.swift in Sources */ = {isa = PBXBuildFile; fileRef = 36EBCDB75757748B17D08BCB /* TodoItem.swift */; };
		36EBC7C9ABD422D373483B7A /* DeadLineStackViewContainer.swift in Sources */ = {isa = PBXBuildFile; fileRef = 36EBCB7872AEFF43D2EAE0D0 /* DeadLineStackViewContainer.swift */; };
		36EBC8195291A752899130CE /* FileCache.swift in Sources */ = {isa = PBXBuildFile; fileRef = 36EBC0652191F57277CE4043 /* FileCache.swift */; };
		36EBC8E8A85D9C6D22B43F58 /* RootGraph.swift in Sources */ = {isa = PBXBuildFile; fileRef = 36EBC66F8BD718350577B1E8 /* RootGraph.swift */; };
		36EBC9DACF32B48FE0D040E8 /* EditTaskItemsLayout.swift in Sources */ = {isa = PBXBuildFile; fileRef = 36EBC678B263B94A527F8FBA /* EditTaskItemsLayout.swift */; };
		36EBCB101ECB84BF4AB35A53 /* Router.swift in Sources */ = {isa = PBXBuildFile; fileRef = 36EBCA3CC84C690BE387C456 /* Router.swift */; };
		36EBCB3606218F7A50BF3B21 /* QueryService.swift in Sources */ = {isa = PBXBuildFile; fileRef = 36EBC76FFAC8BF8E551CEC58 /* QueryService.swift */; };
		36EBCD1B88C6444A83631AA5 /* TaskListViewController.swift in Sources */ = {isa = PBXBuildFile; fileRef = 36EBC36EC43130347FE2DA59 /* TaskListViewController.swift */; };
		36EBCDF77541C65ADB850E64 /* ToDoCell.swift in Sources */ = {isa = PBXBuildFile; fileRef = 36EBC24D7E46D6187A358027 /* ToDoCell.swift */; };
		36EBCF82B43BD011C6E89CFC /* ToDoCellViewModel.swift in Sources */ = {isa = PBXBuildFile; fileRef = 36EBC13E4F6A6D7F759B7197 /* ToDoCellViewModel.swift */; };
		6F71393C276CBFD40001D22B /* EditTaskViewModel.swift in Sources */ = {isa = PBXBuildFile; fileRef = 6F71393B276CBFD40001D22B /* EditTaskViewModel.swift */; };
		8150DB3D2764F1D700BA3FF1 /* CacheFileTests.swift in Sources */ = {isa = PBXBuildFile; fileRef = 8150DB3B2764F1D700BA3FF1 /* CacheFileTests.swift */; };
		8150DB3E2764F1D700BA3FF1 /* TodoItemTests.swift in Sources */ = {isa = PBXBuildFile; fileRef = 8150DB3C2764F1D700BA3FF1 /* TodoItemTests.swift */; };
		8150DB412764F22E00BA3FF1 /* OrderedCollections in Frameworks */ = {isa = PBXBuildFile; productRef = 8150DB402764F22E00BA3FF1 /* OrderedCollections */; };
		8CC8EF42276C903800009207 /* SnapshotTests.swift in Sources */ = {isa = PBXBuildFile; fileRef = 8CC8EF41276C903800009207 /* SnapshotTests.swift */; };
		8CC8EF48276C914000009207 /* SnapshotTesting in Frameworks */ = {isa = PBXBuildFile; productRef = 8CC8EF47276C914000009207 /* SnapshotTesting */; };
		CE3CD61B2760FF1000365472 /* AppDelegate.swift in Sources */ = {isa = PBXBuildFile; fileRef = CE3CD61A2760FF1000365472 /* AppDelegate.swift */; };
		CE3CD61D2760FF1000365472 /* SceneDelegate.swift in Sources */ = {isa = PBXBuildFile; fileRef = CE3CD61C2760FF1000365472 /* SceneDelegate.swift */; };
		CE3CD6242760FF1200365472 /* Assets.xcassets in Resources */ = {isa = PBXBuildFile; fileRef = CE3CD6232760FF1200365472 /* Assets.xcassets */; };
		CE3CD6272760FF1200365472 /* LaunchScreen.storyboard in Resources */ = {isa = PBXBuildFile; fileRef = CE3CD6252760FF1200365472 /* LaunchScreen.storyboard */; };
		CE3CD6322760FF1200365472 /* TODO_list_appTests.swift in Sources */ = {isa = PBXBuildFile; fileRef = CE3CD6312760FF1200365472 /* TODO_list_appTests.swift */; };
		CE3CD63C2760FF1200365472 /* TODO_list_appUITests.swift in Sources */ = {isa = PBXBuildFile; fileRef = CE3CD63B2760FF1200365472 /* TODO_list_appUITests.swift */; };
		CE3CD63E2760FF1200365472 /* TODO_list_appUITestsLaunchTests.swift in Sources */ = {isa = PBXBuildFile; fileRef = CE3CD63D2760FF1200365472 /* TODO_list_appUITestsLaunchTests.swift */; };
		CE9652A42762345300932C06 /* PromiseKit in Frameworks */ = {isa = PBXBuildFile; productRef = CE9652A32762345300932C06 /* PromiseKit */; };
		CE9652A7276234C800932C06 /* RxBlocking in Frameworks */ = {isa = PBXBuildFile; productRef = CE9652A6276234C800932C06 /* RxBlocking */; };
		CE9652A9276234C800932C06 /* RxCocoa in Frameworks */ = {isa = PBXBuildFile; productRef = CE9652A8276234C800932C06 /* RxCocoa */; };
		CE9652AB276234C800932C06 /* RxRelay in Frameworks */ = {isa = PBXBuildFile; productRef = CE9652AA276234C800932C06 /* RxRelay */; };
		CE9652AD276234C800932C06 /* RxSwift in Frameworks */ = {isa = PBXBuildFile; productRef = CE9652AC276234C800932C06 /* RxSwift */; };
		CE9652B8276242C800932C06 /* RxTest in Frameworks */ = {isa = PBXBuildFile; productRef = CE9652B7276242C800932C06 /* RxTest */; };
		CE9652B9276242D000932C06 /* XCTest.framework in Frameworks */ = {isa = PBXBuildFile; fileRef = CE9652B127623CB600932C06 /* XCTest.framework */; };
		CE9652BE2762473400932C06 /* RxTest in Frameworks */ = {isa = PBXBuildFile; productRef = CE9652BD2762473400932C06 /* RxTest */; };
		CE9652BF2762473900932C06 /* XCTest.framework in Frameworks */ = {isa = PBXBuildFile; fileRef = CE9652B127623CB600932C06 /* XCTest.framework */; };
		CEC8FADC27639A1C0048F291 /* Localizable.strings in Resources */ = {isa = PBXBuildFile; fileRef = CEC8FADE27639A1C0048F291 /* Localizable.strings */; };
/* End PBXBuildFile section */

/* Begin PBXContainerItemProxy section */
		CE3CD62E2760FF1200365472 /* PBXContainerItemProxy */ = {
			isa = PBXContainerItemProxy;
			containerPortal = CE3CD60F2760FF1000365472 /* Project object */;
			proxyType = 1;
			remoteGlobalIDString = CE3CD6162760FF1000365472;
			remoteInfo = TODO_list_app;
		};
		CE3CD6382760FF1200365472 /* PBXContainerItemProxy */ = {
			isa = PBXContainerItemProxy;
			containerPortal = CE3CD60F2760FF1000365472 /* Project object */;
			proxyType = 1;
			remoteGlobalIDString = CE3CD6162760FF1000365472;
			remoteInfo = TODO_list_app;
		};
/* End PBXContainerItemProxy section */

/* Begin PBXFileReference section */
		36EBC058D040385B704CBEB6 /* AddNewTaskCell.swift */ = {isa = PBXFileReference; fileEncoding = 4; lastKnownFileType = sourcecode.swift; path = AddNewTaskCell.swift; sourceTree = "<group>"; };
		36EBC0652191F57277CE4043 /* FileCache.swift */ = {isa = PBXFileReference; fileEncoding = 4; lastKnownFileType = sourcecode.swift; path = FileCache.swift; sourceTree = "<group>"; };
		36EBC13E4F6A6D7F759B7197 /* ToDoCellViewModel.swift */ = {isa = PBXFileReference; fileEncoding = 4; lastKnownFileType = sourcecode.swift; path = ToDoCellViewModel.swift; sourceTree = "<group>"; };
		36EBC24D7E46D6187A358027 /* ToDoCell.swift */ = {isa = PBXFileReference; fileEncoding = 4; lastKnownFileType = sourcecode.swift; name = ToDoCell.swift; path = TODO_list_app/ToDoCell.swift; sourceTree = SOURCE_ROOT; };
		36EBC312AC48E933D59CD1FD /* Color.swift */ = {isa = PBXFileReference; fileEncoding = 4; lastKnownFileType = sourcecode.swift; path = Color.swift; sourceTree = "<group>"; };
		36EBC36EC43130347FE2DA59 /* TaskListViewController.swift */ = {isa = PBXFileReference; fileEncoding = 4; lastKnownFileType = sourcecode.swift; path = TaskListViewController.swift; sourceTree = "<group>"; };
		36EBC53DC1C50E75361A3D11 /* EditTaskViewController.swift */ = {isa = PBXFileReference; fileEncoding = 4; lastKnownFileType = sourcecode.swift; path = EditTaskViewController.swift; sourceTree = "<group>"; };
		36EBC66F8BD718350577B1E8 /* RootGraph.swift */ = {isa = PBXFileReference; fileEncoding = 4; lastKnownFileType = sourcecode.swift; path = RootGraph.swift; sourceTree = "<group>"; };
		36EBC678B263B94A527F8FBA /* EditTaskItemsLayout.swift */ = {isa = PBXFileReference; fileEncoding = 4; lastKnownFileType = sourcecode.swift; path = EditTaskItemsLayout.swift; sourceTree = "<group>"; };
		36EBC76FFAC8BF8E551CEC58 /* QueryService.swift */ = {isa = PBXFileReference; fileEncoding = 4; lastKnownFileType = sourcecode.swift; path = QueryService.swift; sourceTree = "<group>"; };
		36EBC9106A7C8BBE73021209 /* AppStyles.swift */ = {isa = PBXFileReference; fileEncoding = 4; lastKnownFileType = sourcecode.swift; path = AppStyles.swift; sourceTree = "<group>"; };
		36EBCA3CC84C690BE387C456 /* Router.swift */ = {isa = PBXFileReference; fileEncoding = 4; lastKnownFileType = sourcecode.swift; path = Router.swift; sourceTree = "<group>"; };
		36EBCB7872AEFF43D2EAE0D0 /* DeadLineStackViewContainer.swift */ = {isa = PBXFileReference; fileEncoding = 4; lastKnownFileType = sourcecode.swift; path = DeadLineStackViewContainer.swift; sourceTree = "<group>"; };
		36EBCB7DF0DC342EC33E0C6C /* Tombstone.swift */ = {isa = PBXFileReference; fileEncoding = 4; lastKnownFileType = sourcecode.swift; path = Tombstone.swift; sourceTree = "<group>"; };
		36EBCBCD1BBC827443B14CFA /* HeaderViewModel.swift */ = {isa = PBXFileReference; fileEncoding = 4; lastKnownFileType = sourcecode.swift; path = HeaderViewModel.swift; sourceTree = "<group>"; };
		36EBCD43D0BCA2255E823917 /* HeaderView.swift */ = {isa = PBXFileReference; fileEncoding = 4; lastKnownFileType = sourcecode.swift; path = HeaderView.swift; sourceTree = "<group>"; };
		36EBCDB75757748B17D08BCB /* TodoItem.swift */ = {isa = PBXFileReference; fileEncoding = 4; lastKnownFileType = sourcecode.swift; path = TodoItem.swift; sourceTree = "<group>"; };
		36EBCE39C1B29F23FE236BA0 /* PriorityStackViewContainer.swift */ = {isa = PBXFileReference; fileEncoding = 4; lastKnownFileType = sourcecode.swift; path = PriorityStackViewContainer.swift; sourceTree = "<group>"; };
		36EBCFE6F79FA0A97DB9F7BF /* TaskListGraph.swift */ = {isa = PBXFileReference; fileEncoding = 4; lastKnownFileType = sourcecode.swift; path = TaskListGraph.swift; sourceTree = "<group>"; };
		6F71393B276CBFD40001D22B /* EditTaskViewModel.swift */ = {isa = PBXFileReference; fileEncoding = 4; lastKnownFileType = sourcecode.swift; path = EditTaskViewModel.swift; sourceTree = "<group>"; };
		8150DB3B2764F1D700BA3FF1 /* CacheFileTests.swift */ = {isa = PBXFileReference; fileEncoding = 4; lastKnownFileType = sourcecode.swift; path = CacheFileTests.swift; sourceTree = "<group>"; };
		8150DB3C2764F1D700BA3FF1 /* TodoItemTests.swift */ = {isa = PBXFileReference; fileEncoding = 4; lastKnownFileType = sourcecode.swift; path = TodoItemTests.swift; sourceTree = "<group>"; };
		8CC8EF41276C903800009207 /* SnapshotTests.swift */ = {isa = PBXFileReference; fileEncoding = 4; lastKnownFileType = sourcecode.swift; path = SnapshotTests.swift; sourceTree = "<group>"; };
		CE3CD6172760FF1000365472 /* TODO_list_app.app */ = {isa = PBXFileReference; explicitFileType = wrapper.application; includeInIndex = 0; path = TODO_list_app.app; sourceTree = BUILT_PRODUCTS_DIR; };
		CE3CD61A2760FF1000365472 /* AppDelegate.swift */ = {isa = PBXFileReference; lastKnownFileType = sourcecode.swift; path = AppDelegate.swift; sourceTree = "<group>"; };
		CE3CD61C2760FF1000365472 /* SceneDelegate.swift */ = {isa = PBXFileReference; lastKnownFileType = sourcecode.swift; path = SceneDelegate.swift; sourceTree = "<group>"; };
		CE3CD6232760FF1200365472 /* Assets.xcassets */ = {isa = PBXFileReference; lastKnownFileType = folder.assetcatalog; path = Assets.xcassets; sourceTree = "<group>"; };
		CE3CD6262760FF1200365472 /* Base */ = {isa = PBXFileReference; lastKnownFileType = file.storyboard; name = Base; path = Base.lproj/LaunchScreen.storyboard; sourceTree = "<group>"; };
		CE3CD6282760FF1200365472 /* Info.plist */ = {isa = PBXFileReference; lastKnownFileType = text.plist.xml; path = Info.plist; sourceTree = "<group>"; };
		CE3CD62D2760FF1200365472 /* TODO_list_appTests.xctest */ = {isa = PBXFileReference; explicitFileType = wrapper.cfbundle; includeInIndex = 0; path = TODO_list_appTests.xctest; sourceTree = BUILT_PRODUCTS_DIR; };
		CE3CD6312760FF1200365472 /* TODO_list_appTests.swift */ = {isa = PBXFileReference; lastKnownFileType = sourcecode.swift; path = TODO_list_appTests.swift; sourceTree = "<group>"; };
		CE3CD6372760FF1200365472 /* TODO_list_appUITests.xctest */ = {isa = PBXFileReference; explicitFileType = wrapper.cfbundle; includeInIndex = 0; path = TODO_list_appUITests.xctest; sourceTree = BUILT_PRODUCTS_DIR; };
		CE3CD63B2760FF1200365472 /* TODO_list_appUITests.swift */ = {isa = PBXFileReference; lastKnownFileType = sourcecode.swift; path = TODO_list_appUITests.swift; sourceTree = "<group>"; };
		CE3CD63D2760FF1200365472 /* TODO_list_appUITestsLaunchTests.swift */ = {isa = PBXFileReference; lastKnownFileType = sourcecode.swift; path = TODO_list_appUITestsLaunchTests.swift; sourceTree = "<group>"; };
		CE9652B127623CB600932C06 /* XCTest.framework */ = {isa = PBXFileReference; lastKnownFileType = wrapper.framework; name = XCTest.framework; path = Platforms/iPhoneOS.platform/Developer/Library/Frameworks/XCTest.framework; sourceTree = DEVELOPER_DIR; };
		CEC8FAD92763996C0048F291 /* ru */ = {isa = PBXFileReference; lastKnownFileType = text.plist.strings; name = ru; path = ru.lproj/LaunchScreen.strings; sourceTree = "<group>"; };
		CEC8FADF27639A2B0048F291 /* en */ = {isa = PBXFileReference; lastKnownFileType = text.plist.strings; name = en; path = en.lproj/Localizable.strings; sourceTree = "<group>"; };
		CEC8FAE12763A0850048F291 /* ru */ = {isa = PBXFileReference; lastKnownFileType = text.plist.strings; name = ru; path = ru.lproj/Localizable.strings; sourceTree = "<group>"; };
/* End PBXFileReference section */

/* Begin PBXFrameworksBuildPhase section */
		CE3CD6142760FF1000365472 /* Frameworks */ = {
			isa = PBXFrameworksBuildPhase;
			buildActionMask = 2147483647;
			files = (
				CE9652A9276234C800932C06 /* RxCocoa in Frameworks */,
				CE9652A42762345300932C06 /* PromiseKit in Frameworks */,
				8150DB412764F22E00BA3FF1 /* OrderedCollections in Frameworks */,
				CE9652AD276234C800932C06 /* RxSwift in Frameworks */,
				CE9652AB276234C800932C06 /* RxRelay in Frameworks */,
				CE9652A7276234C800932C06 /* RxBlocking in Frameworks */,
			);
			runOnlyForDeploymentPostprocessing = 0;
		};
		CE3CD62A2760FF1200365472 /* Frameworks */ = {
			isa = PBXFrameworksBuildPhase;
			buildActionMask = 2147483647;
			files = (
				8CC8EF48276C914000009207 /* SnapshotTesting in Frameworks */,
				CE9652B9276242D000932C06 /* XCTest.framework in Frameworks */,
				CE9652B8276242C800932C06 /* RxTest in Frameworks */,
			);
			runOnlyForDeploymentPostprocessing = 0;
		};
		CE3CD6342760FF1200365472 /* Frameworks */ = {
			isa = PBXFrameworksBuildPhase;
			buildActionMask = 2147483647;
			files = (
				CE9652BF2762473900932C06 /* XCTest.framework in Frameworks */,
				CE9652BE2762473400932C06 /* RxTest in Frameworks */,
			);
			runOnlyForDeploymentPostprocessing = 0;
		};
/* End PBXFrameworksBuildPhase section */

/* Begin PBXGroup section */
		36EBC149A5F7F7E0DB2D2859 /* Graphs */ = {
			isa = PBXGroup;
			children = (
				36EBCFE6F79FA0A97DB9F7BF /* TaskListGraph.swift */,
				36EBC66F8BD718350577B1E8 /* RootGraph.swift */,
			);
			path = Graphs;
			sourceTree = "<group>";
		};
		36EBC201C23124AC76D570D6 /* Router */ = {
			isa = PBXGroup;
			children = (
				36EBCA3CC84C690BE387C456 /* Router.swift */,
			);
			path = Router;
			sourceTree = "<group>";
		};
		36EBC245CA6192777AED4098 /* Common */ = {
			isa = PBXGroup;
			children = (
				36EBC149A5F7F7E0DB2D2859 /* Graphs */,
				36EBCC3CD906A93E50340164 /* UI */,
				36EBC201C23124AC76D570D6 /* Router */,
				36EBCF8BE71A684D727E979B /* Web */,
			);
			path = Common;
			sourceTree = "<group>";
		};
		36EBC2B67ABC8B01F18C4614 /* Models */ = {
			isa = PBXGroup;
			children = (
				6F71393B276CBFD40001D22B /* EditTaskViewModel.swift */,
				36EBC678B263B94A527F8FBA /* EditTaskItemsLayout.swift */,
				36EBCDB75757748B17D08BCB /* TodoItem.swift */,
				36EBCB7DF0DC342EC33E0C6C /* Tombstone.swift */,
			);
			path = Models;
			sourceTree = "<group>";
		};
		36EBC3F3738F121CFE133A93 /* UI */ = {
			isa = PBXGroup;
			children = (
				36EBC36EC43130347FE2DA59 /* TaskListViewController.swift */,
				36EBCD43D0BCA2255E823917 /* HeaderView.swift */,
			);
			path = UI;
			sourceTree = "<group>";
		};
		36EBC456D50B72F3F4E1023B /* UI */ = {
			isa = PBXGroup;
			children = (
				36EBC53DC1C50E75361A3D11 /* EditTaskViewController.swift */,
				36EBCB7872AEFF43D2EAE0D0 /* DeadLineStackViewContainer.swift */,
				36EBCE39C1B29F23FE236BA0 /* PriorityStackViewContainer.swift */,
			);
			path = UI;
			sourceTree = "<group>";
		};
		36EBC6F66864841C079BE84C /* EditTask */ = {
			isa = PBXGroup;
			children = (
				36EBC2B67ABC8B01F18C4614 /* Models */,
				36EBC456D50B72F3F4E1023B /* UI */,
			);
			path = EditTask;
			sourceTree = "<group>";
		};
		36EBC8C14C55A30E52D54957 /* Models */ = {
			isa = PBXGroup;
			children = (
				36EBC13E4F6A6D7F759B7197 /* ToDoCellViewModel.swift */,
				36EBC0652191F57277CE4043 /* FileCache.swift */,
				36EBCBCD1BBC827443B14CFA /* HeaderViewModel.swift */,
			);
			path = Models;
			sourceTree = "<group>";
		};
		36EBCA5DD2F437F31E55FEC8 /* ListTasks */ = {
			isa = PBXGroup;
			children = (
				36EBC3F3738F121CFE133A93 /* UI */,
				36EBCB57DD168B825C011947 /* Cells */,
				36EBC8C14C55A30E52D54957 /* Models */,
			);
			path = ListTasks;
			sourceTree = "<group>";
		};
		36EBCB57DD168B825C011947 /* Cells */ = {
			isa = PBXGroup;
			children = (
				36EBC058D040385B704CBEB6 /* AddNewTaskCell.swift */,
				36EBC24D7E46D6187A358027 /* ToDoCell.swift */,
			);
			path = Cells;
			sourceTree = "<group>";
		};
		36EBCC3CD906A93E50340164 /* UI */ = {
			isa = PBXGroup;
			children = (
				36EBC312AC48E933D59CD1FD /* Color.swift */,
				36EBC9106A7C8BBE73021209 /* AppStyles.swift */,
			);
			path = UI;
			sourceTree = "<group>";
		};
		36EBCF8BE71A684D727E979B /* Web */ = {
			isa = PBXGroup;
			children = (
				36EBC76FFAC8BF8E551CEC58 /* QueryService.swift */,
			);
			path = Web;
			sourceTree = "<group>";
		};
		CE3CD60E2760FF1000365472 = {
			isa = PBXGroup;
			children = (
				CE3CD6192760FF1000365472 /* TODO_list_app */,
				CE3CD6302760FF1200365472 /* TODO_list_appTests */,
				CE3CD63A2760FF1200365472 /* TODO_list_appUITests */,
				CE3CD6182760FF1000365472 /* Products */,
				CE9652B027623CB600932C06 /* Frameworks */,
			);
			sourceTree = "<group>";
		};
		CE3CD6182760FF1000365472 /* Products */ = {
			isa = PBXGroup;
			children = (
				CE3CD6172760FF1000365472 /* TODO_list_app.app */,
				CE3CD62D2760FF1200365472 /* TODO_list_appTests.xctest */,
				CE3CD6372760FF1200365472 /* TODO_list_appUITests.xctest */,
			);
			name = Products;
			sourceTree = "<group>";
		};
		CE3CD6192760FF1000365472 /* TODO_list_app */ = {
			isa = PBXGroup;
			children = (
				CE3CD61A2760FF1000365472 /* AppDelegate.swift */,
				CE3CD61C2760FF1000365472 /* SceneDelegate.swift */,
				CE3CD6232760FF1200365472 /* Assets.xcassets */,
				CE3CD6252760FF1200365472 /* LaunchScreen.storyboard */,
				CE3CD6282760FF1200365472 /* Info.plist */,
				CEC8FADE27639A1C0048F291 /* Localizable.strings */,
				36EBC245CA6192777AED4098 /* Common */,
				36EBC6F66864841C079BE84C /* EditTask */,
				36EBCA5DD2F437F31E55FEC8 /* ListTasks */,
			);
			path = TODO_list_app;
			sourceTree = "<group>";
		};
		CE3CD6302760FF1200365472 /* TODO_list_appTests */ = {
			isa = PBXGroup;
			children = (
				8150DB3B2764F1D700BA3FF1 /* CacheFileTests.swift */,
				8150DB3C2764F1D700BA3FF1 /* TodoItemTests.swift */,
				CE3CD6312760FF1200365472 /* TODO_list_appTests.swift */,
				8CC8EF41276C903800009207 /* SnapshotTests.swift */,
			);
			path = TODO_list_appTests;
			sourceTree = "<group>";
		};
		CE3CD63A2760FF1200365472 /* TODO_list_appUITests */ = {
			isa = PBXGroup;
			children = (
				CE3CD63B2760FF1200365472 /* TODO_list_appUITests.swift */,
				CE3CD63D2760FF1200365472 /* TODO_list_appUITestsLaunchTests.swift */,
			);
			path = TODO_list_appUITests;
			sourceTree = "<group>";
		};
		CE9652B027623CB600932C06 /* Frameworks */ = {
			isa = PBXGroup;
			children = (
				CE9652B127623CB600932C06 /* XCTest.framework */,
			);
			name = Frameworks;
			sourceTree = "<group>";
		};
/* End PBXGroup section */

/* Begin PBXNativeTarget section */
		CE3CD6162760FF1000365472 /* TODO_list_app */ = {
			isa = PBXNativeTarget;
			buildConfigurationList = CE3CD6412760FF1200365472 /* Build configuration list for PBXNativeTarget "TODO_list_app" */;
			buildPhases = (
				CE3CD6132760FF1000365472 /* Sources */,
				CE3CD6142760FF1000365472 /* Frameworks */,
				CE3CD6152760FF1000365472 /* Resources */,
			);
			buildRules = (
			);
			dependencies = (
			);
			name = TODO_list_app;
			packageProductDependencies = (
				CE9652A32762345300932C06 /* PromiseKit */,
				CE9652A6276234C800932C06 /* RxBlocking */,
				CE9652A8276234C800932C06 /* RxCocoa */,
				CE9652AA276234C800932C06 /* RxRelay */,
				CE9652AC276234C800932C06 /* RxSwift */,
				8150DB402764F22E00BA3FF1 /* OrderedCollections */,
			);
			productName = TODO_list_app;
			productReference = CE3CD6172760FF1000365472 /* TODO_list_app.app */;
			productType = "com.apple.product-type.application";
		};
		CE3CD62C2760FF1200365472 /* TODO_list_appTests */ = {
			isa = PBXNativeTarget;
			buildConfigurationList = CE3CD6442760FF1200365472 /* Build configuration list for PBXNativeTarget "TODO_list_appTests" */;
			buildPhases = (
				CE3CD6292760FF1200365472 /* Sources */,
				CE3CD62A2760FF1200365472 /* Frameworks */,
				CE3CD62B2760FF1200365472 /* Resources */,
			);
			buildRules = (
			);
			dependencies = (
				CE3CD62F2760FF1200365472 /* PBXTargetDependency */,
			);
			name = TODO_list_appTests;
			packageProductDependencies = (
				CE9652B7276242C800932C06 /* RxTest */,
				8CC8EF47276C914000009207 /* SnapshotTesting */,
			);
			productName = TODO_list_appTests;
			productReference = CE3CD62D2760FF1200365472 /* TODO_list_appTests.xctest */;
			productType = "com.apple.product-type.bundle.unit-test";
		};
		CE3CD6362760FF1200365472 /* TODO_list_appUITests */ = {
			isa = PBXNativeTarget;
			buildConfigurationList = CE3CD6472760FF1200365472 /* Build configuration list for PBXNativeTarget "TODO_list_appUITests" */;
			buildPhases = (
				CE3CD6332760FF1200365472 /* Sources */,
				CE3CD6342760FF1200365472 /* Frameworks */,
				CE3CD6352760FF1200365472 /* Resources */,
			);
			buildRules = (
			);
			dependencies = (
				CE3CD6392760FF1200365472 /* PBXTargetDependency */,
			);
			name = TODO_list_appUITests;
			packageProductDependencies = (
				CE9652BD2762473400932C06 /* RxTest */,
			);
			productName = TODO_list_appUITests;
			productReference = CE3CD6372760FF1200365472 /* TODO_list_appUITests.xctest */;
			productType = "com.apple.product-type.bundle.ui-testing";
		};
/* End PBXNativeTarget section */

/* Begin PBXProject section */
		CE3CD60F2760FF1000365472 /* Project object */ = {
			isa = PBXProject;
			attributes = {
				BuildIndependentTargetsInParallel = 1;
				LastSwiftUpdateCheck = 1310;
				LastUpgradeCheck = 1310;
				TargetAttributes = {
					CE3CD6162760FF1000365472 = {
						CreatedOnToolsVersion = 13.1;
					};
					CE3CD62C2760FF1200365472 = {
						CreatedOnToolsVersion = 13.1;
						TestTargetID = CE3CD6162760FF1000365472;
					};
					CE3CD6362760FF1200365472 = {
						CreatedOnToolsVersion = 13.1;
						TestTargetID = CE3CD6162760FF1000365472;
					};
				};
			};
			buildConfigurationList = CE3CD6122760FF1000365472 /* Build configuration list for PBXProject "TODO_list_app" */;
			compatibilityVersion = "Xcode 13.0";
			developmentRegion = en;
			hasScannedForEncodings = 0;
			knownRegions = (
				en,
				Base,
				ru,
			);
			mainGroup = CE3CD60E2760FF1000365472;
			packageReferences = (
				CE9652A22762345300932C06 /* XCRemoteSwiftPackageReference "PromiseKit" */,
				CE9652A5276234C800932C06 /* XCRemoteSwiftPackageReference "RxSwift" */,
				8150DB3F2764F22E00BA3FF1 /* XCRemoteSwiftPackageReference "swift-collections" */,
				8CC8EF46276C914000009207 /* XCRemoteSwiftPackageReference "swift-snapshot-testing" */,
			);
			productRefGroup = CE3CD6182760FF1000365472 /* Products */;
			projectDirPath = "";
			projectRoot = "";
			targets = (
				CE3CD6162760FF1000365472 /* TODO_list_app */,
				CE3CD62C2760FF1200365472 /* TODO_list_appTests */,
				CE3CD6362760FF1200365472 /* TODO_list_appUITests */,
			);
		};
/* End PBXProject section */

/* Begin PBXResourcesBuildPhase section */
		CE3CD6152760FF1000365472 /* Resources */ = {
			isa = PBXResourcesBuildPhase;
			buildActionMask = 2147483647;
			files = (
				CE3CD6272760FF1200365472 /* LaunchScreen.storyboard in Resources */,
				CEC8FADC27639A1C0048F291 /* Localizable.strings in Resources */,
				CE3CD6242760FF1200365472 /* Assets.xcassets in Resources */,
			);
			runOnlyForDeploymentPostprocessing = 0;
		};
		CE3CD62B2760FF1200365472 /* Resources */ = {
			isa = PBXResourcesBuildPhase;
			buildActionMask = 2147483647;
			files = (
			);
			runOnlyForDeploymentPostprocessing = 0;
		};
		CE3CD6352760FF1200365472 /* Resources */ = {
			isa = PBXResourcesBuildPhase;
			buildActionMask = 2147483647;
			files = (
			);
			runOnlyForDeploymentPostprocessing = 0;
		};
/* End PBXResourcesBuildPhase section */

/* Begin PBXSourcesBuildPhase section */
		CE3CD6132760FF1000365472 /* Sources */ = {
			isa = PBXSourcesBuildPhase;
			buildActionMask = 2147483647;
			files = (
				CE3CD61B2760FF1000365472 /* AppDelegate.swift in Sources */,
				CE3CD61D2760FF1000365472 /* SceneDelegate.swift in Sources */,
				36EBC40F69D906B36899204B /* TaskListGraph.swift in Sources */,
				36EBC8E8A85D9C6D22B43F58 /* RootGraph.swift in Sources */,
				36EBC6950C9827AB348771B6 /* Color.swift in Sources */,
				36EBC4AF12C4946420A368A1 /* AppStyles.swift in Sources */,
				36EBCD1B88C6444A83631AA5 /* TaskListViewController.swift in Sources */,
				36EBC02255D76F329EAAC0E9 /* AddNewTaskCell.swift in Sources */,
				36EBCDF77541C65ADB850E64 /* ToDoCell.swift in Sources */,
				6F71393C276CBFD40001D22B /* EditTaskViewModel.swift in Sources */,
				36EBC53E8D9EF6BA6C53E041 /* EditTaskViewController.swift in Sources */,
				36EBC9DACF32B48FE0D040E8 /* EditTaskItemsLayout.swift in Sources */,
				36EBC7C9ABD422D373483B7A /* DeadLineStackViewContainer.swift in Sources */,
				36EBC181454D8CFD7BAE788F /* PriorityStackViewContainer.swift in Sources */,
				36EBCB101ECB84BF4AB35A53 /* Router.swift in Sources */,
				36EBCF82B43BD011C6E89CFC /* ToDoCellViewModel.swift in Sources */,
				36EBC29B0290D21E79E78C62 /* HeaderView.swift in Sources */,
				36EBC8195291A752899130CE /* FileCache.swift in Sources */,
				36EBC6B8812A767496D92DC7 /* TodoItem.swift in Sources */,
				36EBCB3606218F7A50BF3B21 /* QueryService.swift in Sources */,
				36EBC39A0CC516D828DBC8E7 /* HeaderViewModel.swift in Sources */,
				36EBC263DDEAFBB38A671FDA /* Tombstone.swift in Sources */,
			);
			runOnlyForDeploymentPostprocessing = 0;
		};
		CE3CD6292760FF1200365472 /* Sources */ = {
			isa = PBXSourcesBuildPhase;
			buildActionMask = 2147483647;
			files = (
				8150DB3D2764F1D700BA3FF1 /* CacheFileTests.swift in Sources */,
				8CC8EF42276C903800009207 /* SnapshotTests.swift in Sources */,
				CE3CD6322760FF1200365472 /* TODO_list_appTests.swift in Sources */,
				8150DB3E2764F1D700BA3FF1 /* TodoItemTests.swift in Sources */,
			);
			runOnlyForDeploymentPostprocessing = 0;
		};
		CE3CD6332760FF1200365472 /* Sources */ = {
			isa = PBXSourcesBuildPhase;
			buildActionMask = 2147483647;
			files = (
				CE3CD63E2760FF1200365472 /* TODO_list_appUITestsLaunchTests.swift in Sources */,
				CE3CD63C2760FF1200365472 /* TODO_list_appUITests.swift in Sources */,
			);
			runOnlyForDeploymentPostprocessing = 0;
		};
/* End PBXSourcesBuildPhase section */

/* Begin PBXTargetDependency section */
		CE3CD62F2760FF1200365472 /* PBXTargetDependency */ = {
			isa = PBXTargetDependency;
			target = CE3CD6162760FF1000365472 /* TODO_list_app */;
			targetProxy = CE3CD62E2760FF1200365472 /* PBXContainerItemProxy */;
		};
		CE3CD6392760FF1200365472 /* PBXTargetDependency */ = {
			isa = PBXTargetDependency;
			target = CE3CD6162760FF1000365472 /* TODO_list_app */;
			targetProxy = CE3CD6382760FF1200365472 /* PBXContainerItemProxy */;
		};
/* End PBXTargetDependency section */

/* Begin PBXVariantGroup section */
		CE3CD6252760FF1200365472 /* LaunchScreen.storyboard */ = {
			isa = PBXVariantGroup;
			children = (
				CE3CD6262760FF1200365472 /* Base */,
				CEC8FAD92763996C0048F291 /* ru */,
			);
			name = LaunchScreen.storyboard;
			sourceTree = "<group>";
		};
		CEC8FADE27639A1C0048F291 /* Localizable.strings */ = {
			isa = PBXVariantGroup;
			children = (
				CEC8FADF27639A2B0048F291 /* en */,
				CEC8FAE12763A0850048F291 /* ru */,
			);
			name = Localizable.strings;
			sourceTree = "<group>";
		};
/* End PBXVariantGroup section */

/* Begin XCBuildConfiguration section */
		CE3CD63F2760FF1200365472 /* Debug */ = {
			isa = XCBuildConfiguration;
			buildSettings = {
				ALWAYS_SEARCH_USER_PATHS = NO;
				CLANG_ANALYZER_LOCALIZABILITY_NONLOCALIZED = YES;
				CLANG_ANALYZER_NONNULL = YES;
				CLANG_ANALYZER_NUMBER_OBJECT_CONVERSION = YES_AGGRESSIVE;
				CLANG_CXX_LANGUAGE_STANDARD = "gnu++17";
				CLANG_CXX_LIBRARY = "libc++";
				CLANG_ENABLE_MODULES = YES;
				CLANG_ENABLE_OBJC_ARC = YES;
				CLANG_ENABLE_OBJC_WEAK = YES;
				CLANG_WARN_BLOCK_CAPTURE_AUTORELEASING = YES;
				CLANG_WARN_BOOL_CONVERSION = YES;
				CLANG_WARN_COMMA = YES;
				CLANG_WARN_CONSTANT_CONVERSION = YES;
				CLANG_WARN_DEPRECATED_OBJC_IMPLEMENTATIONS = YES;
				CLANG_WARN_DIRECT_OBJC_ISA_USAGE = YES_ERROR;
				CLANG_WARN_DOCUMENTATION_COMMENTS = YES;
				CLANG_WARN_EMPTY_BODY = YES;
				CLANG_WARN_ENUM_CONVERSION = YES;
				CLANG_WARN_INFINITE_RECURSION = YES;
				CLANG_WARN_INT_CONVERSION = YES;
				CLANG_WARN_NON_LITERAL_NULL_CONVERSION = YES;
				CLANG_WARN_OBJC_IMPLICIT_RETAIN_SELF = YES;
				CLANG_WARN_OBJC_LITERAL_CONVERSION = YES;
				CLANG_WARN_OBJC_ROOT_CLASS = YES_ERROR;
				CLANG_WARN_QUOTED_INCLUDE_IN_FRAMEWORK_HEADER = YES;
				CLANG_WARN_RANGE_LOOP_ANALYSIS = YES;
				CLANG_WARN_STRICT_PROTOTYPES = YES;
				CLANG_WARN_SUSPICIOUS_MOVE = YES;
				CLANG_WARN_UNGUARDED_AVAILABILITY = YES_AGGRESSIVE;
				CLANG_WARN_UNREACHABLE_CODE = YES;
				CLANG_WARN__DUPLICATE_METHOD_MATCH = YES;
				COPY_PHASE_STRIP = NO;
				DEBUG_INFORMATION_FORMAT = dwarf;
				ENABLE_STRICT_OBJC_MSGSEND = YES;
				ENABLE_TESTABILITY = YES;
				GCC_C_LANGUAGE_STANDARD = gnu11;
				GCC_DYNAMIC_NO_PIC = NO;
				GCC_NO_COMMON_BLOCKS = YES;
				GCC_OPTIMIZATION_LEVEL = 0;
				GCC_PREPROCESSOR_DEFINITIONS = (
					"DEBUG=1",
					"$(inherited)",
				);
				GCC_WARN_64_TO_32_BIT_CONVERSION = YES;
				GCC_WARN_ABOUT_RETURN_TYPE = YES_ERROR;
				GCC_WARN_UNDECLARED_SELECTOR = YES;
				GCC_WARN_UNINITIALIZED_AUTOS = YES_AGGRESSIVE;
				GCC_WARN_UNUSED_FUNCTION = YES;
				GCC_WARN_UNUSED_VARIABLE = YES;
				IPHONEOS_DEPLOYMENT_TARGET = 15.0;
				MTL_ENABLE_DEBUG_INFO = INCLUDE_SOURCE;
				MTL_FAST_MATH = YES;
				ONLY_ACTIVE_ARCH = YES;
				SDKROOT = iphoneos;
				SWIFT_ACTIVE_COMPILATION_CONDITIONS = DEBUG;
				SWIFT_OPTIMIZATION_LEVEL = "-Onone";
			};
			name = Debug;
		};
		CE3CD6402760FF1200365472 /* Release */ = {
			isa = XCBuildConfiguration;
			buildSettings = {
				ALWAYS_SEARCH_USER_PATHS = NO;
				CLANG_ANALYZER_LOCALIZABILITY_NONLOCALIZED = YES;
				CLANG_ANALYZER_NONNULL = YES;
				CLANG_ANALYZER_NUMBER_OBJECT_CONVERSION = YES_AGGRESSIVE;
				CLANG_CXX_LANGUAGE_STANDARD = "gnu++17";
				CLANG_CXX_LIBRARY = "libc++";
				CLANG_ENABLE_MODULES = YES;
				CLANG_ENABLE_OBJC_ARC = YES;
				CLANG_ENABLE_OBJC_WEAK = YES;
				CLANG_WARN_BLOCK_CAPTURE_AUTORELEASING = YES;
				CLANG_WARN_BOOL_CONVERSION = YES;
				CLANG_WARN_COMMA = YES;
				CLANG_WARN_CONSTANT_CONVERSION = YES;
				CLANG_WARN_DEPRECATED_OBJC_IMPLEMENTATIONS = YES;
				CLANG_WARN_DIRECT_OBJC_ISA_USAGE = YES_ERROR;
				CLANG_WARN_DOCUMENTATION_COMMENTS = YES;
				CLANG_WARN_EMPTY_BODY = YES;
				CLANG_WARN_ENUM_CONVERSION = YES;
				CLANG_WARN_INFINITE_RECURSION = YES;
				CLANG_WARN_INT_CONVERSION = YES;
				CLANG_WARN_NON_LITERAL_NULL_CONVERSION = YES;
				CLANG_WARN_OBJC_IMPLICIT_RETAIN_SELF = YES;
				CLANG_WARN_OBJC_LITERAL_CONVERSION = YES;
				CLANG_WARN_OBJC_ROOT_CLASS = YES_ERROR;
				CLANG_WARN_QUOTED_INCLUDE_IN_FRAMEWORK_HEADER = YES;
				CLANG_WARN_RANGE_LOOP_ANALYSIS = YES;
				CLANG_WARN_STRICT_PROTOTYPES = YES;
				CLANG_WARN_SUSPICIOUS_MOVE = YES;
				CLANG_WARN_UNGUARDED_AVAILABILITY = YES_AGGRESSIVE;
				CLANG_WARN_UNREACHABLE_CODE = YES;
				CLANG_WARN__DUPLICATE_METHOD_MATCH = YES;
				COPY_PHASE_STRIP = NO;
				DEBUG_INFORMATION_FORMAT = "dwarf-with-dsym";
				ENABLE_NS_ASSERTIONS = NO;
				ENABLE_STRICT_OBJC_MSGSEND = YES;
				GCC_C_LANGUAGE_STANDARD = gnu11;
				GCC_NO_COMMON_BLOCKS = YES;
				GCC_WARN_64_TO_32_BIT_CONVERSION = YES;
				GCC_WARN_ABOUT_RETURN_TYPE = YES_ERROR;
				GCC_WARN_UNDECLARED_SELECTOR = YES;
				GCC_WARN_UNINITIALIZED_AUTOS = YES_AGGRESSIVE;
				GCC_WARN_UNUSED_FUNCTION = YES;
				GCC_WARN_UNUSED_VARIABLE = YES;
				IPHONEOS_DEPLOYMENT_TARGET = 15.0;
				MTL_ENABLE_DEBUG_INFO = NO;
				MTL_FAST_MATH = YES;
				SDKROOT = iphoneos;
				SWIFT_COMPILATION_MODE = wholemodule;
				SWIFT_OPTIMIZATION_LEVEL = "-O";
				VALIDATE_PRODUCT = YES;
			};
			name = Release;
		};
		CE3CD6422760FF1200365472 /* Debug */ = {
			isa = XCBuildConfiguration;
			buildSettings = {
				ASSETCATALOG_COMPILER_APPICON_NAME = AppIcon;
				ASSETCATALOG_COMPILER_GLOBAL_ACCENT_COLOR_NAME = AccentColor;
				CODE_SIGN_STYLE = Automatic;
				CURRENT_PROJECT_VERSION = 1;
				DEVELOPMENT_TEAM = TRB2DCAGL6;
				GENERATE_INFOPLIST_FILE = YES;
				INFOPLIST_FILE = TODO_list_app/Info.plist;
				INFOPLIST_KEY_CFBundleDisplayName = ToDoList;
				INFOPLIST_KEY_UIApplicationSupportsIndirectInputEvents = YES;
				INFOPLIST_KEY_UILaunchStoryboardName = LaunchScreen;
				INFOPLIST_KEY_UISupportedInterfaceOrientations_iPad = "UIInterfaceOrientationPortrait UIInterfaceOrientationPortraitUpsideDown UIInterfaceOrientationLandscapeLeft UIInterfaceOrientationLandscapeRight";
				INFOPLIST_KEY_UISupportedInterfaceOrientations_iPhone = "UIInterfaceOrientationPortrait UIInterfaceOrientationLandscapeLeft UIInterfaceOrientationLandscapeRight";
				IPHONEOS_DEPLOYMENT_TARGET = 14.0;
				LD_RUNPATH_SEARCH_PATHS = (
					"$(inherited)",
					"@executable_path/Frameworks",
				);
				MARKETING_VERSION = 1.0;
				PRODUCT_BUNDLE_IDENTIFIER = "Sirius.TODO-list-app";
				PRODUCT_NAME = "$(TARGET_NAME)";
				SWIFT_EMIT_LOC_STRINGS = YES;
				SWIFT_VERSION = 5.0;
				TARGETED_DEVICE_FAMILY = "1,2";
			};
			name = Debug;
		};
		CE3CD6432760FF1200365472 /* Release */ = {
			isa = XCBuildConfiguration;
			buildSettings = {
				ASSETCATALOG_COMPILER_APPICON_NAME = AppIcon;
				ASSETCATALOG_COMPILER_GLOBAL_ACCENT_COLOR_NAME = AccentColor;
				CODE_SIGN_STYLE = Automatic;
				CURRENT_PROJECT_VERSION = 1;
				DEVELOPMENT_TEAM = TRB2DCAGL6;
				GENERATE_INFOPLIST_FILE = YES;
				INFOPLIST_FILE = TODO_list_app/Info.plist;
				INFOPLIST_KEY_CFBundleDisplayName = ToDoList;
				INFOPLIST_KEY_UIApplicationSupportsIndirectInputEvents = YES;
				INFOPLIST_KEY_UILaunchStoryboardName = LaunchScreen;
				INFOPLIST_KEY_UISupportedInterfaceOrientations_iPad = "UIInterfaceOrientationPortrait UIInterfaceOrientationPortraitUpsideDown UIInterfaceOrientationLandscapeLeft UIInterfaceOrientationLandscapeRight";
				INFOPLIST_KEY_UISupportedInterfaceOrientations_iPhone = "UIInterfaceOrientationPortrait UIInterfaceOrientationLandscapeLeft UIInterfaceOrientationLandscapeRight";
				IPHONEOS_DEPLOYMENT_TARGET = 14.0;
				LD_RUNPATH_SEARCH_PATHS = (
					"$(inherited)",
					"@executable_path/Frameworks",
				);
				MARKETING_VERSION = 1.0;
				PRODUCT_BUNDLE_IDENTIFIER = "Sirius.TODO-list-app";
				PRODUCT_NAME = "$(TARGET_NAME)";
				SWIFT_EMIT_LOC_STRINGS = YES;
				SWIFT_VERSION = 5.0;
				TARGETED_DEVICE_FAMILY = "1,2";
			};
			name = Release;
		};
		CE3CD6452760FF1200365472 /* Debug */ = {
			isa = XCBuildConfiguration;
			buildSettings = {
				ALWAYS_EMBED_SWIFT_STANDARD_LIBRARIES = YES;
				BUNDLE_LOADER = "$(TEST_HOST)";
				CODE_SIGN_STYLE = Automatic;
				CURRENT_PROJECT_VERSION = 1;
				GENERATE_INFOPLIST_FILE = YES;
				IPHONEOS_DEPLOYMENT_TARGET = 15.0;
				LD_RUNPATH_SEARCH_PATHS = (
					"$(inherited)",
					"@executable_path/Frameworks",
					"@loader_path/Frameworks",
				);
				MARKETING_VERSION = 1.0;
				PRODUCT_BUNDLE_IDENTIFIER = "Sirius.TODO-list-appTests";
				PRODUCT_NAME = "$(TARGET_NAME)";
				SWIFT_EMIT_LOC_STRINGS = NO;
				SWIFT_VERSION = 5.0;
				TARGETED_DEVICE_FAMILY = "1,2";
				TEST_HOST = "$(BUILT_PRODUCTS_DIR)/TODO_list_app.app/TODO_list_app";
			};
			name = Debug;
		};
		CE3CD6462760FF1200365472 /* Release */ = {
			isa = XCBuildConfiguration;
			buildSettings = {
				ALWAYS_EMBED_SWIFT_STANDARD_LIBRARIES = YES;
				BUNDLE_LOADER = "$(TEST_HOST)";
				CODE_SIGN_STYLE = Automatic;
				CURRENT_PROJECT_VERSION = 1;
				GENERATE_INFOPLIST_FILE = YES;
				IPHONEOS_DEPLOYMENT_TARGET = 15.0;
				LD_RUNPATH_SEARCH_PATHS = (
					"$(inherited)",
					"@executable_path/Frameworks",
					"@loader_path/Frameworks",
				);
				MARKETING_VERSION = 1.0;
				PRODUCT_BUNDLE_IDENTIFIER = "Sirius.TODO-list-appTests";
				PRODUCT_NAME = "$(TARGET_NAME)";
				SWIFT_EMIT_LOC_STRINGS = NO;
				SWIFT_VERSION = 5.0;
				TARGETED_DEVICE_FAMILY = "1,2";
				TEST_HOST = "$(BUILT_PRODUCTS_DIR)/TODO_list_app.app/TODO_list_app";
			};
			name = Release;
		};
		CE3CD6482760FF1200365472 /* Debug */ = {
			isa = XCBuildConfiguration;
			buildSettings = {
				ALWAYS_EMBED_SWIFT_STANDARD_LIBRARIES = YES;
				CODE_SIGN_STYLE = Automatic;
				CURRENT_PROJECT_VERSION = 1;
				GENERATE_INFOPLIST_FILE = YES;
				LD_RUNPATH_SEARCH_PATHS = (
					"$(inherited)",
					"@executable_path/Frameworks",
					"@loader_path/Frameworks",
				);
				MARKETING_VERSION = 1.0;
				PRODUCT_BUNDLE_IDENTIFIER = "Sirius.TODO-list-appUITests";
				PRODUCT_NAME = "$(TARGET_NAME)";
				SWIFT_EMIT_LOC_STRINGS = NO;
				SWIFT_VERSION = 5.0;
				TARGETED_DEVICE_FAMILY = "1,2";
				TEST_TARGET_NAME = TODO_list_app;
			};
			name = Debug;
		};
		CE3CD6492760FF1200365472 /* Release */ = {
			isa = XCBuildConfiguration;
			buildSettings = {
				ALWAYS_EMBED_SWIFT_STANDARD_LIBRARIES = YES;
				CODE_SIGN_STYLE = Automatic;
				CURRENT_PROJECT_VERSION = 1;
				GENERATE_INFOPLIST_FILE = YES;
				LD_RUNPATH_SEARCH_PATHS = (
					"$(inherited)",
					"@executable_path/Frameworks",
					"@loader_path/Frameworks",
				);
				MARKETING_VERSION = 1.0;
				PRODUCT_BUNDLE_IDENTIFIER = "Sirius.TODO-list-appUITests";
				PRODUCT_NAME = "$(TARGET_NAME)";
				SWIFT_EMIT_LOC_STRINGS = NO;
				SWIFT_VERSION = 5.0;
				TARGETED_DEVICE_FAMILY = "1,2";
				TEST_TARGET_NAME = TODO_list_app;
			};
			name = Release;
		};
/* End XCBuildConfiguration section */

/* Begin XCConfigurationList section */
		CE3CD6122760FF1000365472 /* Build configuration list for PBXProject "TODO_list_app" */ = {
			isa = XCConfigurationList;
			buildConfigurations = (
				CE3CD63F2760FF1200365472 /* Debug */,
				CE3CD6402760FF1200365472 /* Release */,
			);
			defaultConfigurationIsVisible = 0;
			defaultConfigurationName = Release;
		};
		CE3CD6412760FF1200365472 /* Build configuration list for PBXNativeTarget "TODO_list_app" */ = {
			isa = XCConfigurationList;
			buildConfigurations = (
				CE3CD6422760FF1200365472 /* Debug */,
				CE3CD6432760FF1200365472 /* Release */,
			);
			defaultConfigurationIsVisible = 0;
			defaultConfigurationName = Release;
		};
		CE3CD6442760FF1200365472 /* Build configuration list for PBXNativeTarget "TODO_list_appTests" */ = {
			isa = XCConfigurationList;
			buildConfigurations = (
				CE3CD6452760FF1200365472 /* Debug */,
				CE3CD6462760FF1200365472 /* Release */,
			);
			defaultConfigurationIsVisible = 0;
			defaultConfigurationName = Release;
		};
		CE3CD6472760FF1200365472 /* Build configuration list for PBXNativeTarget "TODO_list_appUITests" */ = {
			isa = XCConfigurationList;
			buildConfigurations = (
				CE3CD6482760FF1200365472 /* Debug */,
				CE3CD6492760FF1200365472 /* Release */,
			);
			defaultConfigurationIsVisible = 0;
			defaultConfigurationName = Release;
		};
/* End XCConfigurationList section */

/* Begin XCRemoteSwiftPackageReference section */
		8150DB3F2764F22E00BA3FF1 /* XCRemoteSwiftPackageReference "swift-collections" */ = {
			isa = XCRemoteSwiftPackageReference;
			repositoryURL = "https://github.com/apple/swift-collections.git";
			requirement = {
				kind = upToNextMajorVersion;
				minimumVersion = 1.0.0;
			};
		};
		8CC8EF46276C914000009207 /* XCRemoteSwiftPackageReference "swift-snapshot-testing" */ = {
			isa = XCRemoteSwiftPackageReference;
			repositoryURL = "https://github.com/pointfreeco/swift-snapshot-testing.git";
			requirement = {
				kind = exactVersion;
				version = 1.9.0;
			};
		};
		CE9652A22762345300932C06 /* XCRemoteSwiftPackageReference "PromiseKit" */ = {
			isa = XCRemoteSwiftPackageReference;
			repositoryURL = "https://github.com/mxcl/PromiseKit.git";
			requirement = {
				kind = exactVersion;
				version = 6.16.2;
			};
		};
		CE9652A5276234C800932C06 /* XCRemoteSwiftPackageReference "RxSwift" */ = {
			isa = XCRemoteSwiftPackageReference;
			repositoryURL = "https://github.com/ReactiveX/RxSwift.git";
			requirement = {
				kind = exactVersion;
				version = 6.2.0;
			};
		};
/* End XCRemoteSwiftPackageReference section */

/* Begin XCSwiftPackageProductDependency section */
		8150DB402764F22E00BA3FF1 /* OrderedCollections */ = {
			isa = XCSwiftPackageProductDependency;
			package = 8150DB3F2764F22E00BA3FF1 /* XCRemoteSwiftPackageReference "swift-collections" */;
			productName = OrderedCollections;
		};
		8CC8EF47276C914000009207 /* SnapshotTesting */ = {
			isa = XCSwiftPackageProductDependency;
			package = 8CC8EF46276C914000009207 /* XCRemoteSwiftPackageReference "swift-snapshot-testing" */;
			productName = SnapshotTesting;
		};
		CE9652A32762345300932C06 /* PromiseKit */ = {
			isa = XCSwiftPackageProductDependency;
			package = CE9652A22762345300932C06 /* XCRemoteSwiftPackageReference "PromiseKit" */;
			productName = PromiseKit;
		};
		CE9652A6276234C800932C06 /* RxBlocking */ = {
			isa = XCSwiftPackageProductDependency;
			package = CE9652A5276234C800932C06 /* XCRemoteSwiftPackageReference "RxSwift" */;
			productName = RxBlocking;
		};
		CE9652A8276234C800932C06 /* RxCocoa */ = {
			isa = XCSwiftPackageProductDependency;
			package = CE9652A5276234C800932C06 /* XCRemoteSwiftPackageReference "RxSwift" */;
			productName = RxCocoa;
		};
		CE9652AA276234C800932C06 /* RxRelay */ = {
			isa = XCSwiftPackageProductDependency;
			package = CE9652A5276234C800932C06 /* XCRemoteSwiftPackageReference "RxSwift" */;
			productName = RxRelay;
		};
		CE9652AC276234C800932C06 /* RxSwift */ = {
			isa = XCSwiftPackageProductDependency;
			package = CE9652A5276234C800932C06 /* XCRemoteSwiftPackageReference "RxSwift" */;
			productName = RxSwift;
		};
		CE9652B7276242C800932C06 /* RxTest */ = {
			isa = XCSwiftPackageProductDependency;
			package = CE9652A5276234C800932C06 /* XCRemoteSwiftPackageReference "RxSwift" */;
			productName = RxTest;
		};
		CE9652BD2762473400932C06 /* RxTest */ = {
			isa = XCSwiftPackageProductDependency;
			package = CE9652A5276234C800932C06 /* XCRemoteSwiftPackageReference "RxSwift" */;
			productName = RxTest;
		};
/* End XCSwiftPackageProductDependency section */
	};
	rootObject = CE3CD60F2760FF1000365472 /* Project object */;
}
