// !$*UTF8*$!
{
	archiveVersion = 1;
	classes = {
	};
	objectVersion = 55;
	objects = {

/* Begin PBXBuildFile section */
		8150DB2A2764C59300BA3FF1 /* TaskListGraph.swift in Sources */ = {isa = PBXBuildFile; fileRef = 8150DB292764C59300BA3FF1 /* TaskListGraph.swift */; };
		81D8D9A227637A71001D3A1B /* RootGraph.swift in Sources */ = {isa = PBXBuildFile; fileRef = 81D8D9A127637A71001D3A1B /* RootGraph.swift */; };
		8CAC85B02764E90D00963E09 /* ToDoCell.swift in Sources */ = {isa = PBXBuildFile; fileRef = 8CAC85AF2764E90D00963E09 /* ToDoCell.swift */; };
		8CAC85B4276571F300963E09 /* TaskListViewController.swift in Sources */ = {isa = PBXBuildFile; fileRef = 8CAC85B3276571F300963E09 /* TaskListViewController.swift */; };
		CE3CD61B2760FF1000365472 /* AppDelegate.swift in Sources */ = {isa = PBXBuildFile; fileRef = CE3CD61A2760FF1000365472 /* AppDelegate.swift */; };
		CE3CD61D2760FF1000365472 /* SceneDelegate.swift in Sources */ = {isa = PBXBuildFile; fileRef = CE3CD61C2760FF1000365472 /* SceneDelegate.swift */; };
		CE3CD61F2760FF1000365472 /* NavigationController.swift in Sources */ = {isa = PBXBuildFile; fileRef = CE3CD61E2760FF1000365472 /* NavigationController.swift */; };
		CE3CD6242760FF1200365472 /* Assets.xcassets in Resources */ = {isa = PBXBuildFile; fileRef = CE3CD6232760FF1200365472 /* Assets.xcassets */; };
		CE3CD6272760FF1200365472 /* LaunchScreen.storyboard in Resources */ = {isa = PBXBuildFile; fileRef = CE3CD6252760FF1200365472 /* LaunchScreen.storyboard */; };
		CE3CD6322760FF1200365472 /* TODO_list_appTests.swift in Sources */ = {isa = PBXBuildFile; fileRef = CE3CD6312760FF1200365472 /* TODO_list_appTests.swift */; };
		CE3CD63C2760FF1200365472 /* TODO_list_appUITests.swift in Sources */ = {isa = PBXBuildFile; fileRef = CE3CD63B2760FF1200365472 /* TODO_list_appUITests.swift */; };
		CE3CD63E2760FF1200365472 /* TODO_list_appUITestsLaunchTests.swift in Sources */ = {isa = PBXBuildFile; fileRef = CE3CD63D2760FF1200365472 /* TODO_list_appUITestsLaunchTests.swift */; };
		CE9652A42762345300932C06 /* PromiseKit in Frameworks */ = {isa = PBXBuildFile; productRef = CE9652A32762345300932C06 /* PromiseKit */; };
		CE9652A7276234C800932C06 /* RxBlocking in Frameworks */ = {isa = PBXBuildFile; productRef = CE9652A6276234C800932C06 /* RxBlocking */; };
		CE9652A9276234C800932C06 /* RxCocoa in Frameworks */ = {isa = PBXBuildFile; productRef = CE9652A8276234C800932C06 /* RxCocoa */; };
		CE9652AB276234C800932C06 /* RxRelay in Frameworks */ = {isa = PBXBuildFile; productRef = CE9652AA276234C800932C06 /* RxRelay */; };
		CE9652AD276234C800932C06 /* RxSwift in Frameworks */ = {isa = PBXBuildFile; productRef = CE9652AC276234C800932C06 /* RxSwift */; };
		CE9652B8276242C800932C06 /* RxTest in Frameworks */ = {isa = PBXBuildFile; productRef = CE9652B7276242C800932C06 /* RxTest */; };
		CE9652B9276242D000932C06 /* XCTest.framework in Frameworks */ = {isa = PBXBuildFile; fileRef = CE9652B127623CB600932C06 /* XCTest.framework */; };
		CE9652BE2762473400932C06 /* RxTest in Frameworks */ = {isa = PBXBuildFile; productRef = CE9652BD2762473400932C06 /* RxTest */; };
		CE9652BF2762473900932C06 /* XCTest.framework in Frameworks */ = {isa = PBXBuildFile; fileRef = CE9652B127623CB600932C06 /* XCTest.framework */; };
/* End PBXBuildFile section */

/* Begin PBXContainerItemProxy section */
		CE3CD62E2760FF1200365472 /* PBXContainerItemProxy */ = {
			isa = PBXContainerItemProxy;
			containerPortal = CE3CD60F2760FF1000365472 /* Project object */;
			proxyType = 1;
			remoteGlobalIDString = CE3CD6162760FF1000365472;
			remoteInfo = TODO_list_app;
		};
		CE3CD6382760FF1200365472 /* PBXContainerItemProxy */ = {
			isa = PBXContainerItemProxy;
			containerPortal = CE3CD60F2760FF1000365472 /* Project object */;
			proxyType = 1;
			remoteGlobalIDString = CE3CD6162760FF1000365472;
			remoteInfo = TODO_list_app;
		};
/* End PBXContainerItemProxy section */

/* Begin PBXFileReference section */
		8150DB292764C59300BA3FF1 /* TaskListGraph.swift */ = {isa = PBXFileReference; lastKnownFileType = sourcecode.swift; path = TaskListGraph.swift; sourceTree = "<group>"; };
		81D8D9A127637A71001D3A1B /* RootGraph.swift */ = {isa = PBXFileReference; fileEncoding = 4; lastKnownFileType = sourcecode.swift; name = RootGraph.swift; path = TODO_list_app/RootGraph.swift; sourceTree = "<group>"; };
		8CAC85AF2764E90D00963E09 /* ToDoCell.swift */ = {isa = PBXFileReference; lastKnownFileType = sourcecode.swift; path = ToDoCell.swift; sourceTree = "<group>"; };
		8CAC85B3276571F300963E09 /* TaskListViewController.swift */ = {isa = PBXFileReference; fileEncoding = 4; lastKnownFileType = sourcecode.swift; name = TaskListViewController.swift; path = ../../../../.Trash/TaskListViewController.swift; sourceTree = "<group>"; };
		CE3CD6172760FF1000365472 /* TODO_list_app.app */ = {isa = PBXFileReference; explicitFileType = wrapper.application; includeInIndex = 0; path = TODO_list_app.app; sourceTree = BUILT_PRODUCTS_DIR; };
		CE3CD61A2760FF1000365472 /* AppDelegate.swift */ = {isa = PBXFileReference; lastKnownFileType = sourcecode.swift; path = AppDelegate.swift; sourceTree = "<group>"; };
		CE3CD61C2760FF1000365472 /* SceneDelegate.swift */ = {isa = PBXFileReference; lastKnownFileType = sourcecode.swift; path = SceneDelegate.swift; sourceTree = "<group>"; };
		CE3CD61E2760FF1000365472 /* NavigationController.swift */ = {isa = PBXFileReference; lastKnownFileType = sourcecode.swift; path = NavigationController.swift; sourceTree = "<group>"; };
		CE3CD6232760FF1200365472 /* Assets.xcassets */ = {isa = PBXFileReference; lastKnownFileType = folder.assetcatalog; path = Assets.xcassets; sourceTree = "<group>"; };
		CE3CD6262760FF1200365472 /* Base */ = {isa = PBXFileReference; lastKnownFileType = file.storyboard; name = Base; path = Base.lproj/LaunchScreen.storyboard; sourceTree = "<group>"; };
		CE3CD6282760FF1200365472 /* Info.plist */ = {isa = PBXFileReference; lastKnownFileType = text.plist.xml; path = Info.plist; sourceTree = "<group>"; };
		CE3CD62D2760FF1200365472 /* TODO_list_appTests.xctest */ = {isa = PBXFileReference; explicitFileType = wrapper.cfbundle; includeInIndex = 0; path = TODO_list_appTests.xctest; sourceTree = BUILT_PRODUCTS_DIR; };
		CE3CD6312760FF1200365472 /* TODO_list_appTests.swift */ = {isa = PBXFileReference; lastKnownFileType = sourcecode.swift; path = TODO_list_appTests.swift; sourceTree = "<group>"; };
		CE3CD6372760FF1200365472 /* TODO_list_appUITests.xctest */ = {isa = PBXFileReference; explicitFileType = wrapper.cfbundle; includeInIndex = 0; path = TODO_list_appUITests.xctest; sourceTree = BUILT_PRODUCTS_DIR; };
		CE3CD63B2760FF1200365472 /* TODO_list_appUITests.swift */ = {isa = PBXFileReference; lastKnownFileType = sourcecode.swift; path = TODO_list_appUITests.swift; sourceTree = "<group>"; };
		CE3CD63D2760FF1200365472 /* TODO_list_appUITestsLaunchTests.swift */ = {isa = PBXFileReference; lastKnownFileType = sourcecode.swift; path = TODO_list_appUITestsLaunchTests.swift; sourceTree = "<group>"; };
		CE9652B127623CB600932C06 /* XCTest.framework */ = {isa = PBXFileReference; lastKnownFileType = wrapper.framework; name = XCTest.framework; path = Platforms/iPhoneOS.platform/Developer/Library/Frameworks/XCTest.framework; sourceTree = DEVELOPER_DIR; };
/* End PBXFileReference section */

/* Begin PBXFrameworksBuildPhase section */
		CE3CD6142760FF1000365472 /* Frameworks */ = {
			isa = PBXFrameworksBuildPhase;
			buildActionMask = 2147483647;
			files = (
				CE9652A9276234C800932C06 /* RxCocoa in Frameworks */,
				CE9652A42762345300932C06 /* PromiseKit in Frameworks */,
				CE9652AD276234C800932C06 /* RxSwift in Frameworks */,
				CE9652AB276234C800932C06 /* RxRelay in Frameworks */,
				CE9652A7276234C800932C06 /* RxBlocking in Frameworks */,
			);
			runOnlyForDeploymentPostprocessing = 0;
		};
		CE3CD62A2760FF1200365472 /* Frameworks */ = {
			isa = PBXFrameworksBuildPhase;
			buildActionMask = 2147483647;
			files = (
				CE9652B9276242D000932C06 /* XCTest.framework in Frameworks */,
				CE9652B8276242C800932C06 /* RxTest in Frameworks */,
			);
			runOnlyForDeploymentPostprocessing = 0;
		};
		CE3CD6342760FF1200365472 /* Frameworks */ = {
			isa = PBXFrameworksBuildPhase;
			buildActionMask = 2147483647;
			files = (
				CE9652BF2762473900932C06 /* XCTest.framework in Frameworks */,
				CE9652BE2762473400932C06 /* RxTest in Frameworks */,
			);
			runOnlyForDeploymentPostprocessing = 0;
		};
/* End PBXFrameworksBuildPhase section */

/* Begin PBXGroup section */
		CE3CD60E2760FF1000365472 = {
			isa = PBXGroup;
			children = (
				CE3CD6192760FF1000365472 /* TODO_list_app */,
				CE3CD6302760FF1200365472 /* TODO_list_appTests */,
				CE3CD63A2760FF1200365472 /* TODO_list_appUITests */,
				CE3CD6182760FF1000365472 /* Products */,
				CE9652B027623CB600932C06 /* Frameworks */,
			);
			sourceTree = "<group>";
		};
		CE3CD6182760FF1000365472 /* Products */ = {
			isa = PBXGroup;
			children = (
				CE3CD6172760FF1000365472 /* TODO_list_app.app */,
				CE3CD62D2760FF1200365472 /* TODO_list_appTests.xctest */,
				CE3CD6372760FF1200365472 /* TODO_list_appUITests.xctest */,
			);
			name = Products;
			sourceTree = "<group>";
		};
		CE3CD6192760FF1000365472 /* TODO_list_app */ = {
			isa = PBXGroup;
			children = (
				8150DB292764C59300BA3FF1 /* TaskListGraph.swift */,
				CE3CD61A2760FF1000365472 /* AppDelegate.swift */,
				CE3CD61C2760FF1000365472 /* SceneDelegate.swift */,
				81D8D9A127637A71001D3A1B /* RootGraph.swift */,
				CE3CD61E2760FF1000365472 /* NavigationController.swift */,
				8CAC85B3276571F300963E09 /* TaskListViewController.swift */,
				8CAC85AF2764E90D00963E09 /* ToDoCell.swift */,
				CE3CD6232760FF1200365472 /* Assets.xcassets */,
				CE3CD6252760FF1200365472 /* LaunchScreen.storyboard */,
				CE3CD6282760FF1200365472 /* Info.plist */,
			);
			path = TODO_list_app;
			sourceTree = "<group>";
		};
		CE3CD6302760FF1200365472 /* TODO_list_appTests */ = {
			isa = PBXGroup;
			children = (
				CE3CD6312760FF1200365472 /* TODO_list_appTests.swift */,
			);
			path = TODO_list_appTests;
			sourceTree = "<group>";
		};
		CE3CD63A2760FF1200365472 /* TODO_list_appUITests */ = {
			isa = PBXGroup;
			children = (
				CE3CD63B2760FF1200365472 /* TODO_list_appUITests.swift */,
				CE3CD63D2760FF1200365472 /* TODO_list_appUITestsLaunchTests.swift */,
			);
			path = TODO_list_appUITests;
			sourceTree = "<group>";
		};
		CE9652B027623CB600932C06 /* Frameworks */ = {
			isa = PBXGroup;
			children = (
				CE9652B127623CB600932C06 /* XCTest.framework */,
			);
			name = Frameworks;
			sourceTree = "<group>";
		};
/* End PBXGroup section */

/* Begin PBXNativeTarget section */
		CE3CD6162760FF1000365472 /* TODO_list_app */ = {
			isa = PBXNativeTarget;
			buildConfigurationList = CE3CD6412760FF1200365472 /* Build configuration list for PBXNativeTarget "TODO_list_app" */;
			buildPhases = (
				CE3CD6132760FF1000365472 /* Sources */,
				CE3CD6142760FF1000365472 /* Frameworks */,
				CE3CD6152760FF1000365472 /* Resources */,
			);
			buildRules = (
			);
			dependencies = (
			);
			name = TODO_list_app;
			packageProductDependencies = (
				CE9652A32762345300932C06 /* PromiseKit */,
				CE9652A6276234C800932C06 /* RxBlocking */,
				CE9652A8276234C800932C06 /* RxCocoa */,
				CE9652AA276234C800932C06 /* RxRelay */,
				CE9652AC276234C800932C06 /* RxSwift */,
			);
			productName = TODO_list_app;
			productReference = CE3CD6172760FF1000365472 /* TODO_list_app.app */;
			productType = "com.apple.product-type.application";
		};
		CE3CD62C2760FF1200365472 /* TODO_list_appTests */ = {
			isa = PBXNativeTarget;
			buildConfigurationList = CE3CD6442760FF1200365472 /* Build configuration list for PBXNativeTarget "TODO_list_appTests" */;
			buildPhases = (
				CE3CD6292760FF1200365472 /* Sources */,
				CE3CD62A2760FF1200365472 /* Frameworks */,
				CE3CD62B2760FF1200365472 /* Resources */,
			);
			buildRules = (
			);
			dependencies = (
				CE3CD62F2760FF1200365472 /* PBXTargetDependency */,
			);
			name = TODO_list_appTests;
			packageProductDependencies = (
				CE9652B7276242C800932C06 /* RxTest */,
			);
			productName = TODO_list_appTests;
			productReference = CE3CD62D2760FF1200365472 /* TODO_list_appTests.xctest */;
			productType = "com.apple.product-type.bundle.unit-test";
		};
		CE3CD6362760FF1200365472 /* TODO_list_appUITests */ = {
			isa = PBXNativeTarget;
			buildConfigurationList = CE3CD6472760FF1200365472 /* Build configuration list for PBXNativeTarget "TODO_list_appUITests" */;
			buildPhases = (
				CE3CD6332760FF1200365472 /* Sources */,
				CE3CD6342760FF1200365472 /* Frameworks */,
				CE3CD6352760FF1200365472 /* Resources */,
			);
			buildRules = (
			);
			dependencies = (
				CE3CD6392760FF1200365472 /* PBXTargetDependency */,
			);
			name = TODO_list_appUITests;
			packageProductDependencies = (
				CE9652BD2762473400932C06 /* RxTest */,
			);
			productName = TODO_list_appUITests;
			productReference = CE3CD6372760FF1200365472 /* TODO_list_appUITests.xctest */;
			productType = "com.apple.product-type.bundle.ui-testing";
		};
/* End PBXNativeTarget section */

/* Begin PBXProject section */
		CE3CD60F2760FF1000365472 /* Project object */ = {
			isa = PBXProject;
			attributes = {
				BuildIndependentTargetsInParallel = 1;
				LastSwiftUpdateCheck = 1310;
				LastUpgradeCheck = 1310;
				TargetAttributes = {
					CE3CD6162760FF1000365472 = {
						CreatedOnToolsVersion = 13.1;
					};
					CE3CD62C2760FF1200365472 = {
						CreatedOnToolsVersion = 13.1;
						TestTargetID = CE3CD6162760FF1000365472;
					};
					CE3CD6362760FF1200365472 = {
						CreatedOnToolsVersion = 13.1;
						TestTargetID = CE3CD6162760FF1000365472;
					};
				};
			};
			buildConfigurationList = CE3CD6122760FF1000365472 /* Build configuration list for PBXProject "TODO_list_app" */;
			compatibilityVersion = "Xcode 13.0";
			developmentRegion = en;
			hasScannedForEncodings = 0;
			knownRegions = (
				en,
				Base,
			);
			mainGroup = CE3CD60E2760FF1000365472;
			packageReferences = (
				CE9652A22762345300932C06 /* XCRemoteSwiftPackageReference "PromiseKit" */,
				CE9652A5276234C800932C06 /* XCRemoteSwiftPackageReference "RxSwift" */,
			);
			productRefGroup = CE3CD6182760FF1000365472 /* Products */;
			projectDirPath = "";
			projectRoot = "";
			targets = (
				CE3CD6162760FF1000365472 /* TODO_list_app */,
				CE3CD62C2760FF1200365472 /* TODO_list_appTests */,
				CE3CD6362760FF1200365472 /* TODO_list_appUITests */,
			);
		};
/* End PBXProject section */

/* Begin PBXResourcesBuildPhase section */
		CE3CD6152760FF1000365472 /* Resources */ = {
			isa = PBXResourcesBuildPhase;
			buildActionMask = 2147483647;
			files = (
				CE3CD6272760FF1200365472 /* LaunchScreen.storyboard in Resources */,
				CE3CD6242760FF1200365472 /* Assets.xcassets in Resources */,
			);
			runOnlyForDeploymentPostprocessing = 0;
		};
		CE3CD62B2760FF1200365472 /* Resources */ = {
			isa = PBXResourcesBuildPhase;
			buildActionMask = 2147483647;
			files = (
			);
			runOnlyForDeploymentPostprocessing = 0;
		};
		CE3CD6352760FF1200365472 /* Resources */ = {
			isa = PBXResourcesBuildPhase;
			buildActionMask = 2147483647;
			files = (
			);
			runOnlyForDeploymentPostprocessing = 0;
		};
/* End PBXResourcesBuildPhase section */

/* Begin PBXSourcesBuildPhase section */
		CE3CD6132760FF1000365472 /* Sources */ = {
			isa = PBXSourcesBuildPhase;
			buildActionMask = 2147483647;
			files = (
				8CAC85B4276571F300963E09 /* TaskListViewController.swift in Sources */,
				8150DB2A2764C59300BA3FF1 /* TaskListGraph.swift in Sources */,
				81D8D9A227637A71001D3A1B /* RootGraph.swift in Sources */,
				8CAC85B02764E90D00963E09 /* ToDoCell.swift in Sources */,
				CE3CD61F2760FF1000365472 /* NavigationController.swift in Sources */,
				CE3CD61B2760FF1000365472 /* AppDelegate.swift in Sources */,
				CE3CD61D2760FF1000365472 /* SceneDelegate.swift in Sources */,
			);
			runOnlyForDeploymentPostprocessing = 0;
		};
		CE3CD6292760FF1200365472 /* Sources */ = {
			isa = PBXSourcesBuildPhase;
			buildActionMask = 2147483647;
			files = (
				CE3CD6322760FF1200365472 /* TODO_list_appTests.swift in Sources */,
			);
			runOnlyForDeploymentPostprocessing = 0;
		};
		CE3CD6332760FF1200365472 /* Sources */ = {
			isa = PBXSourcesBuildPhase;
			buildActionMask = 2147483647;
			files = (
				CE3CD63E2760FF1200365472 /* TODO_list_appUITestsLaunchTests.swift in Sources */,
				CE3CD63C2760FF1200365472 /* TODO_list_appUITests.swift in Sources */,
			);
			runOnlyForDeploymentPostprocessing = 0;
		};
/* End PBXSourcesBuildPhase section */

/* Begin PBXTargetDependency section */
		CE3CD62F2760FF1200365472 /* PBXTargetDependency */ = {
			isa = PBXTargetDependency;
			target = CE3CD6162760FF1000365472 /* TODO_list_app */;
			targetProxy = CE3CD62E2760FF1200365472 /* PBXContainerItemProxy */;
		};
		CE3CD6392760FF1200365472 /* PBXTargetDependency */ = {
			isa = PBXTargetDependency;
			target = CE3CD6162760FF1000365472 /* TODO_list_app */;
			targetProxy = CE3CD6382760FF1200365472 /* PBXContainerItemProxy */;
		};
/* End PBXTargetDependency section */

/* Begin PBXVariantGroup section */
		CE3CD6252760FF1200365472 /* LaunchScreen.storyboard */ = {
			isa = PBXVariantGroup;
			children = (
				CE3CD6262760FF1200365472 /* Base */,
			);
			name = LaunchScreen.storyboard;
			sourceTree = "<group>";
		};
/* End PBXVariantGroup section */

/* Begin XCBuildConfiguration section */
		CE3CD63F2760FF1200365472 /* Debug */ = {
			isa = XCBuildConfiguration;
			buildSettings = {
				ALWAYS_SEARCH_USER_PATHS = NO;
				CLANG_ANALYZER_NONNULL = YES;
				CLANG_ANALYZER_NUMBER_OBJECT_CONVERSION = YES_AGGRESSIVE;
				CLANG_CXX_LANGUAGE_STANDARD = "gnu++17";
				CLANG_CXX_LIBRARY = "libc++";
				CLANG_ENABLE_MODULES = YES;
				CLANG_ENABLE_OBJC_ARC = YES;
				CLANG_ENABLE_OBJC_WEAK = YES;
				CLANG_WARN_BLOCK_CAPTURE_AUTORELEASING = YES;
				CLANG_WARN_BOOL_CONVERSION = YES;
				CLANG_WARN_COMMA = YES;
				CLANG_WARN_CONSTANT_CONVERSION = YES;
				CLANG_WARN_DEPRECATED_OBJC_IMPLEMENTATIONS = YES;
				CLANG_WARN_DIRECT_OBJC_ISA_USAGE = YES_ERROR;
				CLANG_WARN_DOCUMENTATION_COMMENTS = YES;
				CLANG_WARN_EMPTY_BODY = YES;
				CLANG_WARN_ENUM_CONVERSION = YES;
				CLANG_WARN_INFINITE_RECURSION = YES;
				CLANG_WARN_INT_CONVERSION = YES;
				CLANG_WARN_NON_LITERAL_NULL_CONVERSION = YES;
				CLANG_WARN_OBJC_IMPLICIT_RETAIN_SELF = YES;
				CLANG_WARN_OBJC_LITERAL_CONVERSION = YES;
				CLANG_WARN_OBJC_ROOT_CLASS = YES_ERROR;
				CLANG_WARN_QUOTED_INCLUDE_IN_FRAMEWORK_HEADER = YES;
				CLANG_WARN_RANGE_LOOP_ANALYSIS = YES;
				CLANG_WARN_STRICT_PROTOTYPES = YES;
				CLANG_WARN_SUSPICIOUS_MOVE = YES;
				CLANG_WARN_UNGUARDED_AVAILABILITY = YES_AGGRESSIVE;
				CLANG_WARN_UNREACHABLE_CODE = YES;
				CLANG_WARN__DUPLICATE_METHOD_MATCH = YES;
				COPY_PHASE_STRIP = NO;
				DEBUG_INFORMATION_FORMAT = dwarf;
				ENABLE_STRICT_OBJC_MSGSEND = YES;
				ENABLE_TESTABILITY = YES;
				GCC_C_LANGUAGE_STANDARD = gnu11;
				GCC_DYNAMIC_NO_PIC = NO;
				GCC_NO_COMMON_BLOCKS = YES;
				GCC_OPTIMIZATION_LEVEL = 0;
				GCC_PREPROCESSOR_DEFINITIONS = (
					"DEBUG=1",
					"$(inherited)",
				);
				GCC_WARN_64_TO_32_BIT_CONVERSION = YES;
				GCC_WARN_ABOUT_RETURN_TYPE = YES_ERROR;
				GCC_WARN_UNDECLARED_SELECTOR = YES;
				GCC_WARN_UNINITIALIZED_AUTOS = YES_AGGRESSIVE;
				GCC_WARN_UNUSED_FUNCTION = YES;
				GCC_WARN_UNUSED_VARIABLE = YES;
				IPHONEOS_DEPLOYMENT_TARGET = 15.0;
				MTL_ENABLE_DEBUG_INFO = INCLUDE_SOURCE;
				MTL_FAST_MATH = YES;
				ONLY_ACTIVE_ARCH = YES;
				SDKROOT = iphoneos;
				SWIFT_ACTIVE_COMPILATION_CONDITIONS = DEBUG;
				SWIFT_OPTIMIZATION_LEVEL = "-Onone";
			};
			name = Debug;
		};
		CE3CD6402760FF1200365472 /* Release */ = {
			isa = XCBuildConfiguration;
			buildSettings = {
				ALWAYS_SEARCH_USER_PATHS = NO;
				CLANG_ANALYZER_NONNULL = YES;
				CLANG_ANALYZER_NUMBER_OBJECT_CONVERSION = YES_AGGRESSIVE;
				CLANG_CXX_LANGUAGE_STANDARD = "gnu++17";
				CLANG_CXX_LIBRARY = "libc++";
				CLANG_ENABLE_MODULES = YES;
				CLANG_ENABLE_OBJC_ARC = YES;
				CLANG_ENABLE_OBJC_WEAK = YES;
				CLANG_WARN_BLOCK_CAPTURE_AUTORELEASING = YES;
				CLANG_WARN_BOOL_CONVERSION = YES;
				CLANG_WARN_COMMA = YES;
				CLANG_WARN_CONSTANT_CONVERSION = YES;
				CLANG_WARN_DEPRECATED_OBJC_IMPLEMENTATIONS = YES;
				CLANG_WARN_DIRECT_OBJC_ISA_USAGE = YES_ERROR;
				CLANG_WARN_DOCUMENTATION_COMMENTS = YES;
				CLANG_WARN_EMPTY_BODY = YES;
				CLANG_WARN_ENUM_CONVERSION = YES;
				CLANG_WARN_INFINITE_RECURSION = YES;
				CLANG_WARN_INT_CONVERSION = YES;
				CLANG_WARN_NON_LITERAL_NULL_CONVERSION = YES;
				CLANG_WARN_OBJC_IMPLICIT_RETAIN_SELF = YES;
				CLANG_WARN_OBJC_LITERAL_CONVERSION = YES;
				CLANG_WARN_OBJC_ROOT_CLASS = YES_ERROR;
				CLANG_WARN_QUOTED_INCLUDE_IN_FRAMEWORK_HEADER = YES;
				CLANG_WARN_RANGE_LOOP_ANALYSIS = YES;
				CLANG_WARN_STRICT_PROTOTYPES = YES;
				CLANG_WARN_SUSPICIOUS_MOVE = YES;
				CLANG_WARN_UNGUARDED_AVAILABILITY = YES_AGGRESSIVE;
				CLANG_WARN_UNREACHABLE_CODE = YES;
				CLANG_WARN__DUPLICATE_METHOD_MATCH = YES;
				COPY_PHASE_STRIP = NO;
				DEBUG_INFORMATION_FORMAT = "dwarf-with-dsym";
				ENABLE_NS_ASSERTIONS = NO;
				ENABLE_STRICT_OBJC_MSGSEND = YES;
				GCC_C_LANGUAGE_STANDARD = gnu11;
				GCC_NO_COMMON_BLOCKS = YES;
				GCC_WARN_64_TO_32_BIT_CONVERSION = YES;
				GCC_WARN_ABOUT_RETURN_TYPE = YES_ERROR;
				GCC_WARN_UNDECLARED_SELECTOR = YES;
				GCC_WARN_UNINITIALIZED_AUTOS = YES_AGGRESSIVE;
				GCC_WARN_UNUSED_FUNCTION = YES;
				GCC_WARN_UNUSED_VARIABLE = YES;
				IPHONEOS_DEPLOYMENT_TARGET = 15.0;
				MTL_ENABLE_DEBUG_INFO = NO;
				MTL_FAST_MATH = YES;
				SDKROOT = iphoneos;
				SWIFT_COMPILATION_MODE = wholemodule;
				SWIFT_OPTIMIZATION_LEVEL = "-O";
				VALIDATE_PRODUCT = YES;
			};
			name = Release;
		};
		CE3CD6422760FF1200365472 /* Debug */ = {
			isa = XCBuildConfiguration;
			buildSettings = {
				ASSETCATALOG_COMPILER_APPICON_NAME = AppIcon;
				ASSETCATALOG_COMPILER_GLOBAL_ACCENT_COLOR_NAME = AccentColor;
				CODE_SIGN_STYLE = Automatic;
				CURRENT_PROJECT_VERSION = 1;
				DEVELOPMENT_TEAM = ZFV226CCRN;
				GENERATE_INFOPLIST_FILE = YES;
				INFOPLIST_FILE = TODO_list_app/Info.plist;
				INFOPLIST_KEY_UIApplicationSupportsIndirectInputEvents = YES;
				INFOPLIST_KEY_UILaunchStoryboardName = LaunchScreen;
				INFOPLIST_KEY_UISupportedInterfaceOrientations_iPad = "UIInterfaceOrientationPortrait UIInterfaceOrientationPortraitUpsideDown UIInterfaceOrientationLandscapeLeft UIInterfaceOrientationLandscapeRight";
				INFOPLIST_KEY_UISupportedInterfaceOrientations_iPhone = "UIInterfaceOrientationPortrait UIInterfaceOrientationLandscapeLeft UIInterfaceOrientationLandscapeRight";
				IPHONEOS_DEPLOYMENT_TARGET = 14.0;
				LD_RUNPATH_SEARCH_PATHS = (
					"$(inherited)",
					"@executable_path/Frameworks",
				);
				MARKETING_VERSION = 1.0;
				PRODUCT_BUNDLE_IDENTIFIER = "Sirius.TODO-list-app";
				PRODUCT_NAME = "$(TARGET_NAME)";
				SWIFT_EMIT_LOC_STRINGS = YES;
				SWIFT_VERSION = 5.0;
				TARGETED_DEVICE_FAMILY = "1,2";
			};
			name = Debug;
		};
		CE3CD6432760FF1200365472 /* Release */ = {
			isa = XCBuildConfiguration;
			buildSettings = {
				ASSETCATALOG_COMPILER_APPICON_NAME = AppIcon;
				ASSETCATALOG_COMPILER_GLOBAL_ACCENT_COLOR_NAME = AccentColor;
				CODE_SIGN_STYLE = Automatic;
				CURRENT_PROJECT_VERSION = 1;
				DEVELOPMENT_TEAM = ZFV226CCRN;
				GENERATE_INFOPLIST_FILE = YES;
				INFOPLIST_FILE = TODO_list_app/Info.plist;
				INFOPLIST_KEY_UIApplicationSupportsIndirectInputEvents = YES;
				INFOPLIST_KEY_UILaunchStoryboardName = LaunchScreen;
				INFOPLIST_KEY_UISupportedInterfaceOrientations_iPad = "UIInterfaceOrientationPortrait UIInterfaceOrientationPortraitUpsideDown UIInterfaceOrientationLandscapeLeft UIInterfaceOrientationLandscapeRight";
				INFOPLIST_KEY_UISupportedInterfaceOrientations_iPhone = "UIInterfaceOrientationPortrait UIInterfaceOrientationLandscapeLeft UIInterfaceOrientationLandscapeRight";
				IPHONEOS_DEPLOYMENT_TARGET = 14.0;
				LD_RUNPATH_SEARCH_PATHS = (
					"$(inherited)",
					"@executable_path/Frameworks",
				);
				MARKETING_VERSION = 1.0;
				PRODUCT_BUNDLE_IDENTIFIER = "Sirius.TODO-list-app";
				PRODUCT_NAME = "$(TARGET_NAME)";
				SWIFT_EMIT_LOC_STRINGS = YES;
				SWIFT_VERSION = 5.0;
				TARGETED_DEVICE_FAMILY = "1,2";
			};
			name = Release;
		};
		CE3CD6452760FF1200365472 /* Debug */ = {
			isa = XCBuildConfiguration;
			buildSettings = {
				ALWAYS_EMBED_SWIFT_STANDARD_LIBRARIES = YES;
				BUNDLE_LOADER = "$(TEST_HOST)";
				CODE_SIGN_STYLE = Automatic;
				CURRENT_PROJECT_VERSION = 1;
				GENERATE_INFOPLIST_FILE = YES;
				IPHONEOS_DEPLOYMENT_TARGET = 15.0;
				LD_RUNPATH_SEARCH_PATHS = (
					"$(inherited)",
					"@executable_path/Frameworks",
					"@loader_path/Frameworks",
				);
				MARKETING_VERSION = 1.0;
				PRODUCT_BUNDLE_IDENTIFIER = "Sirius.TODO-list-appTests";
				PRODUCT_NAME = "$(TARGET_NAME)";
				SWIFT_EMIT_LOC_STRINGS = NO;
				SWIFT_VERSION = 5.0;
				TARGETED_DEVICE_FAMILY = "1,2";
				TEST_HOST = "$(BUILT_PRODUCTS_DIR)/TODO_list_app.app/TODO_list_app";
			};
			name = Debug;
		};
		CE3CD6462760FF1200365472 /* Release */ = {
			isa = XCBuildConfiguration;
			buildSettings = {
				ALWAYS_EMBED_SWIFT_STANDARD_LIBRARIES = YES;
				BUNDLE_LOADER = "$(TEST_HOST)";
				CODE_SIGN_STYLE = Automatic;
				CURRENT_PROJECT_VERSION = 1;
				GENERATE_INFOPLIST_FILE = YES;
				IPHONEOS_DEPLOYMENT_TARGET = 15.0;
				LD_RUNPATH_SEARCH_PATHS = (
					"$(inherited)",
					"@executable_path/Frameworks",
					"@loader_path/Frameworks",
				);
				MARKETING_VERSION = 1.0;
				PRODUCT_BUNDLE_IDENTIFIER = "Sirius.TODO-list-appTests";
				PRODUCT_NAME = "$(TARGET_NAME)";
				SWIFT_EMIT_LOC_STRINGS = NO;
				SWIFT_VERSION = 5.0;
				TARGETED_DEVICE_FAMILY = "1,2";
				TEST_HOST = "$(BUILT_PRODUCTS_DIR)/TODO_list_app.app/TODO_list_app";
			};
			name = Release;
		};
		CE3CD6482760FF1200365472 /* Debug */ = {
			isa = XCBuildConfiguration;
			buildSettings = {
				ALWAYS_EMBED_SWIFT_STANDARD_LIBRARIES = YES;
				CODE_SIGN_STYLE = Automatic;
				CURRENT_PROJECT_VERSION = 1;
				GENERATE_INFOPLIST_FILE = YES;
				LD_RUNPATH_SEARCH_PATHS = (
					"$(inherited)",
					"@executable_path/Frameworks",
					"@loader_path/Frameworks",
				);
				MARKETING_VERSION = 1.0;
				PRODUCT_BUNDLE_IDENTIFIER = "Sirius.TODO-list-appUITests";
				PRODUCT_NAME = "$(TARGET_NAME)";
				SWIFT_EMIT_LOC_STRINGS = NO;
				SWIFT_VERSION = 5.0;
				TARGETED_DEVICE_FAMILY = "1,2";
				TEST_TARGET_NAME = TODO_list_app;
			};
			name = Debug;
		};
		CE3CD6492760FF1200365472 /* Release */ = {
			isa = XCBuildConfiguration;
			buildSettings = {
				ALWAYS_EMBED_SWIFT_STANDARD_LIBRARIES = YES;
				CODE_SIGN_STYLE = Automatic;
				CURRENT_PROJECT_VERSION = 1;
				GENERATE_INFOPLIST_FILE = YES;
				LD_RUNPATH_SEARCH_PATHS = (
					"$(inherited)",
					"@executable_path/Frameworks",
					"@loader_path/Frameworks",
				);
				MARKETING_VERSION = 1.0;
				PRODUCT_BUNDLE_IDENTIFIER = "Sirius.TODO-list-appUITests";
				PRODUCT_NAME = "$(TARGET_NAME)";
				SWIFT_EMIT_LOC_STRINGS = NO;
				SWIFT_VERSION = 5.0;
				TARGETED_DEVICE_FAMILY = "1,2";
				TEST_TARGET_NAME = TODO_list_app;
			};
			name = Release;
		};
/* End XCBuildConfiguration section */

/* Begin XCConfigurationList section */
		CE3CD6122760FF1000365472 /* Build configuration list for PBXProject "TODO_list_app" */ = {
			isa = XCConfigurationList;
			buildConfigurations = (
				CE3CD63F2760FF1200365472 /* Debug */,
				CE3CD6402760FF1200365472 /* Release */,
			);
			defaultConfigurationIsVisible = 0;
			defaultConfigurationName = Release;
		};
		CE3CD6412760FF1200365472 /* Build configuration list for PBXNativeTarget "TODO_list_app" */ = {
			isa = XCConfigurationList;
			buildConfigurations = (
				CE3CD6422760FF1200365472 /* Debug */,
				CE3CD6432760FF1200365472 /* Release */,
			);
			defaultConfigurationIsVisible = 0;
			defaultConfigurationName = Release;
		};
		CE3CD6442760FF1200365472 /* Build configuration list for PBXNativeTarget "TODO_list_appTests" */ = {
			isa = XCConfigurationList;
			buildConfigurations = (
				CE3CD6452760FF1200365472 /* Debug */,
				CE3CD6462760FF1200365472 /* Release */,
			);
			defaultConfigurationIsVisible = 0;
			defaultConfigurationName = Release;
		};
		CE3CD6472760FF1200365472 /* Build configuration list for PBXNativeTarget "TODO_list_appUITests" */ = {
			isa = XCConfigurationList;
			buildConfigurations = (
				CE3CD6482760FF1200365472 /* Debug */,
				CE3CD6492760FF1200365472 /* Release */,
			);
			defaultConfigurationIsVisible = 0;
			defaultConfigurationName = Release;
		};
/* End XCConfigurationList section */

/* Begin XCRemoteSwiftPackageReference section */
		CE9652A22762345300932C06 /* XCRemoteSwiftPackageReference "PromiseKit" */ = {
			isa = XCRemoteSwiftPackageReference;
			repositoryURL = "https://github.com/mxcl/PromiseKit.git";
			requirement = {
				kind = exactVersion;
				version = 6.16.2;
			};
		};
		CE9652A5276234C800932C06 /* XCRemoteSwiftPackageReference "RxSwift" */ = {
			isa = XCRemoteSwiftPackageReference;
			repositoryURL = "https://github.com/ReactiveX/RxSwift.git";
			requirement = {
				kind = exactVersion;
				version = 6.2.0;
			};
		};
/* End XCRemoteSwiftPackageReference section */

/* Begin XCSwiftPackageProductDependency section */
		CE9652A32762345300932C06 /* PromiseKit */ = {
			isa = XCSwiftPackageProductDependency;
			package = CE9652A22762345300932C06 /* XCRemoteSwiftPackageReference "PromiseKit" */;
			productName = PromiseKit;
		};
		CE9652A6276234C800932C06 /* RxBlocking */ = {
			isa = XCSwiftPackageProductDependency;
			package = CE9652A5276234C800932C06 /* XCRemoteSwiftPackageReference "RxSwift" */;
			productName = RxBlocking;
		};
		CE9652A8276234C800932C06 /* RxCocoa */ = {
			isa = XCSwiftPackageProductDependency;
			package = CE9652A5276234C800932C06 /* XCRemoteSwiftPackageReference "RxSwift" */;
			productName = RxCocoa;
		};
		CE9652AA276234C800932C06 /* RxRelay */ = {
			isa = XCSwiftPackageProductDependency;
			package = CE9652A5276234C800932C06 /* XCRemoteSwiftPackageReference "RxSwift" */;
			productName = RxRelay;
		};
		CE9652AC276234C800932C06 /* RxSwift */ = {
			isa = XCSwiftPackageProductDependency;
			package = CE9652A5276234C800932C06 /* XCRemoteSwiftPackageReference "RxSwift" */;
			productName = RxSwift;
		};
		CE9652B7276242C800932C06 /* RxTest */ = {
			isa = XCSwiftPackageProductDependency;
			package = CE9652A5276234C800932C06 /* XCRemoteSwiftPackageReference "RxSwift" */;
			productName = RxTest;
		};
		CE9652BD2762473400932C06 /* RxTest */ = {
			isa = XCSwiftPackageProductDependency;
			package = CE9652A5276234C800932C06 /* XCRemoteSwiftPackageReference "RxSwift" */;
			productName = RxTest;
		};
/* End XCSwiftPackageProductDependency section */
	};
	rootObject = CE3CD60F2760FF1000365472 /* Project object */;
}
